# This file is autogenerated, do not edit; changes may be undone by the next 'dep ensure'.


[[projects]]
  name = "gopkg.in/gographics/imagick.v3"
  packages = ["imagick","imagick/types"]
  revision = "b231e622f10dba6f961e73e1b3ce0b55cc39f831"
  version = "v3.1.1"

[solve-meta]
  analyzer-name = "dep"
  analyzer-version = 1
  inputs-digest = "797555b1761698c4da0e24f7144bab18b6da6151957c41394b3dd045aa9dc148"
  solver-name = "gps-cdcl"
  solver-version = 1
